// !$*UTF8*$!
{
	archiveVersion = 1;
	classes = {
	};
	objectVersion = 77;
	objects = {

/* Begin PBXBuildFile section */
		A1A1A1A12E6B000100C0D001 /* Sparkle in Frameworks */ = {isa = PBXBuildFile; productRef = A1A1A1A32E6B000100C0D001 /* Sparkle */; };
		4EDCFC0A2DAC617300C80031 /* HotKey in Frameworks */ = {isa = PBXBuildFile; productRef = 4EDCFC092DAC617300C80031 /* HotKey */; };
/* End PBXBuildFile section */

/* Begin PBXContainerItemProxy section */
		4EDCFB302DAB0B7900C80031 /* PBXContainerItemProxy */ = {
			isa = PBXContainerItemProxy;
			containerPortal = 4EDCFB192DAB0B7800C80031 /* Project object */;
			proxyType = 1;
			remoteGlobalIDString = 4EDCFB202DAB0B7800C80031;
			remoteInfo = "llama-stack";
		};
		4EDCFB3A2DAB0B7900C80031 /* PBXContainerItemProxy */ = {
			isa = PBXContainerItemProxy;
			containerPortal = 4EDCFB192DAB0B7800C80031 /* Project object */;
			proxyType = 1;
			remoteGlobalIDString = 4EDCFB202DAB0B7800C80031;
			remoteInfo = "llama-stack";
		};
/* End PBXContainerItemProxy section */

/* Begin PBXFileReference section */
		4EDCFB212DAB0B7800C80031 /* ArchiveMac.app */ = {isa = PBXFileReference; explicitFileType = wrapper.application; includeInIndex = 0; path = ArchiveMac.app; sourceTree = BUILT_PRODUCTS_DIR; };
		4EDCFB2F2DAB0B7900C80031 /* ArchiveMacTests.xctest */ = {isa = PBXFileReference; explicitFileType = wrapper.cfbundle; includeInIndex = 0; path = ArchiveMacTests.xctest; sourceTree = BUILT_PRODUCTS_DIR; };
		4EDCFB392DAB0B7900C80031 /* ArchiveMacUITests.xctest */ = {isa = PBXFileReference; explicitFileType = wrapper.cfbundle; includeInIndex = 0; path = ArchiveMacUITests.xctest; sourceTree = BUILT_PRODUCTS_DIR; };
/* End PBXFileReference section */

/* Begin PBXFileSystemSynchronizedRootGroup section */
		4EDCFB232DAB0B7800C80031 /* ArchiveMac */ = {
			isa = PBXFileSystemSynchronizedRootGroup;
			path = ArchiveMac;
			sourceTree = "<group>";
		};
		4EDCFB322DAB0B7900C80031 /* llama-stackTests */ = {
			isa = PBXFileSystemSynchronizedRootGroup;
			path = "llama-stackTests";
			sourceTree = "<group>";
		};
		4EDCFB3C2DAB0B7900C80031 /* llama-stackUITests */ = {
			isa = PBXFileSystemSynchronizedRootGroup;
			path = "llama-stackUITests";
			sourceTree = "<group>";
		};
/* End PBXFileSystemSynchronizedRootGroup section */

/* Begin PBXFrameworksBuildPhase section */
		4EDCFB1E2DAB0B7800C80031 /* Frameworks */ = {
			isa = PBXFrameworksBuildPhase;
			buildActionMask = 2147483647;
			files = (
				A1A1A1A12E6B000100C0D001 /* Sparkle in Frameworks */,
				4EDCFC0A2DAC617300C80031 /* HotKey in Frameworks */,
			);
			runOnlyForDeploymentPostprocessing = 0;
		};
		4EDCFB2C2DAB0B7900C80031 /* Frameworks */ = {
			isa = PBXFrameworksBuildPhase;
			buildActionMask = 2147483647;
			files = (
			);
			runOnlyForDeploymentPostprocessing = 0;
		};
		4EDCFB362DAB0B7900C80031 /* Frameworks */ = {
			isa = PBXFrameworksBuildPhase;
			buildActionMask = 2147483647;
			files = (
			);
			runOnlyForDeploymentPostprocessing = 0;
		};
/* End PBXFrameworksBuildPhase section */

/* Begin PBXGroup section */
		4EDCFB182DAB0B7800C80031 = {
			isa = PBXGroup;
			children = (
				4EDCFB232DAB0B7800C80031 /* ArchiveMac */,
				4EDCFB322DAB0B7900C80031 /* llama-stackTests */,
				4EDCFB3C2DAB0B7900C80031 /* llama-stackUITests */,
				4EDCFB222DAB0B7800C80031 /* Products */,
			);
			sourceTree = "<group>";
		};
		4EDCFB222DAB0B7800C80031 /* Products */ = {
			isa = PBXGroup;
			children = (
				4EDCFB212DAB0B7800C80031 /* ArchiveMac.app */,
				4EDCFB2F2DAB0B7900C80031 /* ArchiveMacTests.xctest */,
				4EDCFB392DAB0B7900C80031 /* ArchiveMacUITests.xctest */,
			);
			name = Products;
			sourceTree = "<group>";
		};
/* End PBXGroup section */

/* Begin PBXNativeTarget section */
		4EDCFB202DAB0B7800C80031 /* ArchiveMac */ = {
			isa = PBXNativeTarget;
			buildConfigurationList = 4EDCFB432DAB0B7900C80031 /* Build configuration list for PBXNativeTarget "ArchiveMac" */;
			buildPhases = (
				4EDCFB1D2DAB0B7800C80031 /* Sources */,
				4EDCFB1E2DAB0B7800C80031 /* Frameworks */,
				4EDCFB1F2DAB0B7800C80031 /* Resources */,
			);
			buildRules = (
			);
			dependencies = (
			);
			fileSystemSynchronizedGroups = (
				4EDCFB232DAB0B7800C80031 /* ArchiveMac */,
			);
			name = ArchiveMac;
			packageProductDependencies = (
				A1A1A1A32E6B000100C0D001 /* Sparkle */,
				4EDCFC092DAC617300C80031 /* HotKey */,
			);
			productName = "llama-stack";
			productReference = 4EDCFB212DAB0B7800C80031 /* ArchiveMac.app */;
			productType = "com.apple.product-type.application";
		};
		4EDCFB2E2DAB0B7900C80031 /* ArchiveMacTests */ = {
			isa = PBXNativeTarget;
			buildConfigurationList = 4EDCFB462DAB0B7900C80031 /* Build configuration list for PBXNativeTarget "ArchiveMacTests" */;
			buildPhases = (
				4EDCFB2B2DAB0B7900C80031 /* Sources */,
				4EDCFB2C2DAB0B7900C80031 /* Frameworks */,
				4EDCFB2D2DAB0B7900C80031 /* Resources */,
			);
			buildRules = (
			);
			dependencies = (
				4EDCFB312DAB0B7900C80031 /* PBXTargetDependency */,
			);
			fileSystemSynchronizedGroups = (
				4EDCFB322DAB0B7900C80031 /* llama-stackTests */,
			);
			name = ArchiveMacTests;
			packageProductDependencies = (
			);
			productName = "llama-stackTests";
			productReference = 4EDCFB2F2DAB0B7900C80031 /* ArchiveMacTests.xctest */;
			productType = "com.apple.product-type.bundle.unit-test";
		};
		4EDCFB382DAB0B7900C80031 /* ArchiveMacUITests */ = {
			isa = PBXNativeTarget;
			buildConfigurationList = 4EDCFB492DAB0B7900C80031 /* Build configuration list for PBXNativeTarget "ArchiveMacUITests" */;
			buildPhases = (
				4EDCFB352DAB0B7900C80031 /* Sources */,
				4EDCFB362DAB0B7900C80031 /* Frameworks */,
				4EDCFB372DAB0B7900C80031 /* Resources */,
			);
			buildRules = (
			);
			dependencies = (
				4EDCFB3B2DAB0B7900C80031 /* PBXTargetDependency */,
			);
			fileSystemSynchronizedGroups = (
				4EDCFB3C2DAB0B7900C80031 /* llama-stackUITests */,
			);
			name = ArchiveMacUITests;
			packageProductDependencies = (
			);
			productName = "llama-stackUITests";
			productReference = 4EDCFB392DAB0B7900C80031 /* ArchiveMacUITests.xctest */;
			productType = "com.apple.product-type.bundle.ui-testing";
		};
/* End PBXNativeTarget section */

/* Begin PBXProject section */
		4EDCFB192DAB0B7800C80031 /* Project object */ = {
			isa = PBXProject;
			attributes = {
				BuildIndependentTargetsInParallel = 1;
				LastSwiftUpdateCheck = 1630;
				LastUpgradeCheck = 2620;
				TargetAttributes = {
					4EDCFB202DAB0B7800C80031 = {
						CreatedOnToolsVersion = 16.3;
					};
					4EDCFB2E2DAB0B7900C80031 = {
						CreatedOnToolsVersion = 16.3;
						TestTargetID = 4EDCFB202DAB0B7800C80031;
					};
					4EDCFB382DAB0B7900C80031 = {
						CreatedOnToolsVersion = 16.3;
						TestTargetID = 4EDCFB202DAB0B7800C80031;
					};
				};
			};
			buildConfigurationList = 4EDCFB1C2DAB0B7800C80031 /* Build configuration list for PBXProject "ArchiveMac" */;
			developmentRegion = en;
			hasScannedForEncodings = 0;
			knownRegions = (
				en,
				Base,
			);
			mainGroup = 4EDCFB182DAB0B7800C80031;
			minimizedProjectReferenceProxies = 1;
			packageReferences = (
				A1A1A1A22E6B000100C0D001 /* XCRemoteSwiftPackageReference "Sparkle" */,
				4EDCFC082DAC617300C80031 /* XCRemoteSwiftPackageReference "HotKey" */,
			);
			preferredProjectObjectVersion = 77;
			productRefGroup = 4EDCFB222DAB0B7800C80031 /* Products */;
			projectDirPath = "";
			projectRoot = "";
			targets = (
				4EDCFB202DAB0B7800C80031 /* ArchiveMac */,
				4EDCFB2E2DAB0B7900C80031 /* ArchiveMacTests */,
				4EDCFB382DAB0B7900C80031 /* ArchiveMacUITests */,
			);
		};
/* End PBXProject section */

/* Begin PBXResourcesBuildPhase section */
		4EDCFB1F2DAB0B7800C80031 /* Resources */ = {
			isa = PBXResourcesBuildPhase;
			buildActionMask = 2147483647;
			files = (
			);
			runOnlyForDeploymentPostprocessing = 0;
		};
		4EDCFB2D2DAB0B7900C80031 /* Resources */ = {
			isa = PBXResourcesBuildPhase;
			buildActionMask = 2147483647;
			files = (
			);
			runOnlyForDeploymentPostprocessing = 0;
		};
		4EDCFB372DAB0B7900C80031 /* Resources */ = {
			isa = PBXResourcesBuildPhase;
			buildActionMask = 2147483647;
			files = (
			);
			runOnlyForDeploymentPostprocessing = 0;
		};
/* End PBXResourcesBuildPhase section */

/* Begin PBXSourcesBuildPhase section */
		4EDCFB1D2DAB0B7800C80031 /* Sources */ = {
			isa = PBXSourcesBuildPhase;
			buildActionMask = 2147483647;
			files = (
			);
			runOnlyForDeploymentPostprocessing = 0;
		};
		4EDCFB2B2DAB0B7900C80031 /* Sources */ = {
			isa = PBXSourcesBuildPhase;
			buildActionMask = 2147483647;
			files = (
			);
			runOnlyForDeploymentPostprocessing = 0;
		};
		4EDCFB352DAB0B7900C80031 /* Sources */ = {
			isa = PBXSourcesBuildPhase;
			buildActionMask = 2147483647;
			files = (
			);
			runOnlyForDeploymentPostprocessing = 0;
		};
/* End PBXSourcesBuildPhase section */

/* Begin PBXTargetDependency section */
		4EDCFB312DAB0B7900C80031 /* PBXTargetDependency */ = {
			isa = PBXTargetDependency;
			target = 4EDCFB202DAB0B7800C80031 /* ArchiveMac */;
			targetProxy = 4EDCFB302DAB0B7900C80031 /* PBXContainerItemProxy */;
		};
		4EDCFB3B2DAB0B7900C80031 /* PBXTargetDependency */ = {
			isa = PBXTargetDependency;
			target = 4EDCFB202DAB0B7800C80031 /* ArchiveMac */;
			targetProxy = 4EDCFB3A2DAB0B7900C80031 /* PBXContainerItemProxy */;
		};
/* End PBXTargetDependency section */

/* Begin XCBuildConfiguration section */
		4EDCFB412DAB0B7900C80031 /* Debug */ = {
			isa = XCBuildConfiguration;
			buildSettings = {
				ALWAYS_SEARCH_USER_PATHS = NO;
				ASSETCATALOG_COMPILER_GENERATE_SWIFT_ASSET_SYMBOL_EXTENSIONS = YES;
				CLANG_ANALYZER_NONNULL = YES;
				CLANG_ANALYZER_NUMBER_OBJECT_CONVERSION = YES_AGGRESSIVE;
				CLANG_CXX_LANGUAGE_STANDARD = "gnu++20";
				CLANG_ENABLE_MODULES = YES;
				CLANG_ENABLE_OBJC_ARC = YES;
				CLANG_ENABLE_OBJC_WEAK = YES;
				CLANG_WARN_BLOCK_CAPTURE_AUTORELEASING = YES;
				CLANG_WARN_BOOL_CONVERSION = YES;
				CLANG_WARN_COMMA = YES;
				CLANG_WARN_CONSTANT_CONVERSION = YES;
				CLANG_WARN_DEPRECATED_OBJC_IMPLEMENTATIONS = YES;
				CLANG_WARN_DIRECT_OBJC_ISA_USAGE = YES_ERROR;
				CLANG_WARN_DOCUMENTATION_COMMENTS = YES;
				CLANG_WARN_EMPTY_BODY = YES;
				CLANG_WARN_ENUM_CONVERSION = YES;
				CLANG_WARN_INFINITE_RECURSION = YES;
				CLANG_WARN_INT_CONVERSION = YES;
				CLANG_WARN_NON_LITERAL_NULL_CONVERSION = YES;
				CLANG_WARN_OBJC_IMPLICIT_RETAIN_SELF = YES;
				CLANG_WARN_OBJC_LITERAL_CONVERSION = YES;
				CLANG_WARN_OBJC_ROOT_CLASS = YES_ERROR;
				CLANG_WARN_QUOTED_INCLUDE_IN_FRAMEWORK_HEADER = YES;
				CLANG_WARN_RANGE_LOOP_ANALYSIS = YES;
				CLANG_WARN_STRICT_PROTOTYPES = YES;
				CLANG_WARN_SUSPICIOUS_MOVE = YES;
				CLANG_WARN_UNGUARDED_AVAILABILITY = YES_AGGRESSIVE;
				CLANG_WARN_UNREACHABLE_CODE = YES;
				CLANG_WARN__DUPLICATE_METHOD_MATCH = YES;
				COPY_PHASE_STRIP = NO;
				DEAD_CODE_STRIPPING = YES;
				DEBUG_INFORMATION_FORMAT = dwarf;
				ENABLE_STRICT_OBJC_MSGSEND = YES;
				ENABLE_TESTABILITY = YES;
				ENABLE_USER_SCRIPT_SANDBOXING = YES;
				GCC_C_LANGUAGE_STANDARD = gnu17;
				GCC_DYNAMIC_NO_PIC = NO;
				GCC_NO_COMMON_BLOCKS = YES;
				GCC_OPTIMIZATION_LEVEL = 0;
				GCC_PREPROCESSOR_DEFINITIONS = (
					"DEBUG=1",
					"$(inherited)",
				);
				GCC_WARN_64_TO_32_BIT_CONVERSION = YES;
				GCC_WARN_ABOUT_RETURN_TYPE = YES_ERROR;
				GCC_WARN_UNDECLARED_SELECTOR = YES;
				GCC_WARN_UNINITIALIZED_AUTOS = YES_AGGRESSIVE;
				GCC_WARN_UNUSED_FUNCTION = YES;
				GCC_WARN_UNUSED_VARIABLE = YES;
				LOCALIZATION_PREFERS_STRING_CATALOGS = YES;
				MACOSX_DEPLOYMENT_TARGET = 15.3;
				MTL_ENABLE_DEBUG_INFO = INCLUDE_SOURCE;
				MTL_FAST_MATH = YES;
				ONLY_ACTIVE_ARCH = YES;
				SDKROOT = macosx;
				STRING_CATALOG_GENERATE_SYMBOLS = YES;
				SWIFT_ACTIVE_COMPILATION_CONDITIONS = "DEBUG $(inherited)";
				SWIFT_OPTIMIZATION_LEVEL = "-Onone";
			};
			name = Debug;
		};
		4EDCFB422DAB0B7900C80031 /* Release */ = {
			isa = XCBuildConfiguration;
			buildSettings = {
				ALWAYS_SEARCH_USER_PATHS = NO;
				ASSETCATALOG_COMPILER_GENERATE_SWIFT_ASSET_SYMBOL_EXTENSIONS = YES;
				CLANG_ANALYZER_NONNULL = YES;
				CLANG_ANALYZER_NUMBER_OBJECT_CONVERSION = YES_AGGRESSIVE;
				CLANG_CXX_LANGUAGE_STANDARD = "gnu++20";
				CLANG_ENABLE_MODULES = YES;
				CLANG_ENABLE_OBJC_ARC = YES;
				CLANG_ENABLE_OBJC_WEAK = YES;
				CLANG_WARN_BLOCK_CAPTURE_AUTORELEASING = YES;
				CLANG_WARN_BOOL_CONVERSION = YES;
				CLANG_WARN_COMMA = YES;
				CLANG_WARN_CONSTANT_CONVERSION = YES;
				CLANG_WARN_DEPRECATED_OBJC_IMPLEMENTATIONS = YES;
				CLANG_WARN_DIRECT_OBJC_ISA_USAGE = YES_ERROR;
				CLANG_WARN_DOCUMENTATION_COMMENTS = YES;
				CLANG_WARN_EMPTY_BODY = YES;
				CLANG_WARN_ENUM_CONVERSION = YES;
				CLANG_WARN_INFINITE_RECURSION = YES;
				CLANG_WARN_INT_CONVERSION = YES;
				CLANG_WARN_NON_LITERAL_NULL_CONVERSION = YES;
				CLANG_WARN_OBJC_IMPLICIT_RETAIN_SELF = YES;
				CLANG_WARN_OBJC_LITERAL_CONVERSION = YES;
				CLANG_WARN_OBJC_ROOT_CLASS = YES_ERROR;
				CLANG_WARN_QUOTED_INCLUDE_IN_FRAMEWORK_HEADER = YES;
				CLANG_WARN_RANGE_LOOP_ANALYSIS = YES;
				CLANG_WARN_STRICT_PROTOTYPES = YES;
				CLANG_WARN_SUSPICIOUS_MOVE = YES;
				CLANG_WARN_UNGUARDED_AVAILABILITY = YES_AGGRESSIVE;
				CLANG_WARN_UNREACHABLE_CODE = YES;
				CLANG_WARN__DUPLICATE_METHOD_MATCH = YES;
				COPY_PHASE_STRIP = NO;
					"CURRENT_PROJECT_VERSION[sdk=*]" = 13;
				DEAD_CODE_STRIPPING = YES;
				DEBUG_INFORMATION_FORMAT = "dwarf-with-dsym";
				ENABLE_NS_ASSERTIONS = NO;
				ENABLE_STRICT_OBJC_MSGSEND = YES;
				ENABLE_USER_SCRIPT_SANDBOXING = YES;
				GCC_C_LANGUAGE_STANDARD = gnu17;
				GCC_NO_COMMON_BLOCKS = YES;
				GCC_WARN_64_TO_32_BIT_CONVERSION = YES;
				GCC_WARN_ABOUT_RETURN_TYPE = YES_ERROR;
				GCC_WARN_UNDECLARED_SELECTOR = YES;
				GCC_WARN_UNINITIALIZED_AUTOS = YES_AGGRESSIVE;
				GCC_WARN_UNUSED_FUNCTION = YES;
				GCC_WARN_UNUSED_VARIABLE = YES;
				LOCALIZATION_PREFERS_STRING_CATALOGS = YES;
				MACOSX_DEPLOYMENT_TARGET = 15.3;
					"MARKETING_VERSION[sdk=*]" = 1.2.0;
				MTL_ENABLE_DEBUG_INFO = NO;
				MTL_FAST_MATH = YES;
				SDKROOT = macosx;
				STRING_CATALOG_GENERATE_SYMBOLS = YES;
				SWIFT_COMPILATION_MODE = wholemodule;
			};
			name = Release;
		};
		4EDCFB442DAB0B7900C80031 /* Debug */ = {
			isa = XCBuildConfiguration;
			buildSettings = {
				ASSETCATALOG_COMPILER_APPICON_NAME = AppIcon;
				ASSETCATALOG_COMPILER_GLOBAL_ACCENT_COLOR_NAME = AccentColor;
				CODE_SIGN_ENTITLEMENTS = ArchiveMac/ArchiveMac.entitlements;
				CODE_SIGN_IDENTITY = "Apple Development";
				"CODE_SIGN_IDENTITY[sdk=macosx*]" = "-";
				CODE_SIGN_STYLE = Automatic;
				COMBINE_HIDPI_IMAGES = YES;
					CURRENT_PROJECT_VERSION = 13;
				DEAD_CODE_STRIPPING = YES;
				DEVELOPMENT_TEAM = L3GSBDXS8N;
				ENABLE_HARDENED_RUNTIME = YES;
				ENABLE_PREVIEWS = YES;
				GENERATE_INFOPLIST_FILE = NO;
				INFOPLIST_FILE = ArchiveMac/Info.plist;
				LD_RUNPATH_SEARCH_PATHS = (
					"$(inherited)",
					"@executable_path/../Frameworks",
				);
					MARKETING_VERSION = 1.2.0;
				PRODUCT_BUNDLE_IDENTIFIER = com.evanadami7.ArchiveMac;
				PRODUCT_NAME = "$(TARGET_NAME)";
				PROVISIONING_PROFILE_SPECIFIER = "";
				REGISTER_APP_GROUPS = YES;
				SWIFT_EMIT_LOC_STRINGS = YES;
				SWIFT_VERSION = 5.0;
			};
			name = Debug;
		};
		4EDCFB452DAB0B7900C80031 /* Release */ = {
			isa = XCBuildConfiguration;
			buildSettings = {
				ASSETCATALOG_COMPILER_APPICON_NAME = AppIcon;
				ASSETCATALOG_COMPILER_GLOBAL_ACCENT_COLOR_NAME = AccentColor;
				CODE_SIGN_ENTITLEMENTS = ArchiveMac/ArchiveMac.entitlements;
				CODE_SIGN_IDENTITY = "Apple Development";
				"CODE_SIGN_IDENTITY[sdk=macosx*]" = "-";
				CODE_SIGN_STYLE = Automatic;
				COMBINE_HIDPI_IMAGES = YES;
					CURRENT_PROJECT_VERSION = 13;
				DEAD_CODE_STRIPPING = YES;
				DEVELOPMENT_TEAM = L3GSBDXS8N;
				ENABLE_HARDENED_RUNTIME = YES;
				ENABLE_PREVIEWS = YES;
				GENERATE_INFOPLIST_FILE = NO;
				INFOPLIST_FILE = ArchiveMac/Info.plist;
				LD_RUNPATH_SEARCH_PATHS = (
					"$(inherited)",
					"@executable_path/../Frameworks",
				);
					MARKETING_VERSION = 1.2.0;
				PRODUCT_BUNDLE_IDENTIFIER = com.evanadami7.ArchiveMac;
				PRODUCT_NAME = "$(TARGET_NAME)";
				PROVISIONING_PROFILE_SPECIFIER = "";
				REGISTER_APP_GROUPS = YES;
				SWIFT_EMIT_LOC_STRINGS = YES;
				SWIFT_VERSION = 5.0;
			};
			name = Release;
		};
		4EDCFB472DAB0B7900C80031 /* Debug */ = {
			isa = XCBuildConfiguration;
			buildSettings = {
				BUNDLE_LOADER = "$(TEST_HOST)";
				CODE_SIGN_STYLE = Automatic;
					CURRENT_PROJECT_VERSION = 13;
				DEAD_CODE_STRIPPING = YES;
				GENERATE_INFOPLIST_FILE = YES;
				MACOSX_DEPLOYMENT_TARGET = 15.3;
					MARKETING_VERSION = 1.2.0;
				PRODUCT_BUNDLE_IDENTIFIER = com.evanadami7.ArchiveMacTests;
				PRODUCT_NAME = "$(TARGET_NAME)";
				SWIFT_EMIT_LOC_STRINGS = NO;
				SWIFT_VERSION = 5.0;
				TEST_HOST = "$(BUILT_PRODUCTS_DIR)/ArchiveMac.app/$(BUNDLE_EXECUTABLE_FOLDER_PATH)/ArchiveMac";
			};
			name = Debug;
		};
		4EDCFB482DAB0B7900C80031 /* Release */ = {
			isa = XCBuildConfiguration;
			buildSettings = {
				BUNDLE_LOADER = "$(TEST_HOST)";
				CODE_SIGN_STYLE = Automatic;
					CURRENT_PROJECT_VERSION = 13;
				DEAD_CODE_STRIPPING = YES;
				GENERATE_INFOPLIST_FILE = YES;
				MACOSX_DEPLOYMENT_TARGET = 15.3;
					MARKETING_VERSION = 1.2.0;
				PRODUCT_BUNDLE_IDENTIFIER = com.evanadami7.ArchiveMacTests;
				PRODUCT_NAME = "$(TARGET_NAME)";
				SWIFT_EMIT_LOC_STRINGS = NO;
				SWIFT_VERSION = 5.0;
				TEST_HOST = "$(BUILT_PRODUCTS_DIR)/ArchiveMac.app/$(BUNDLE_EXECUTABLE_FOLDER_PATH)/ArchiveMac";
			};
			name = Release;
		};
		4EDCFB4A2DAB0B7900C80031 /* Debug */ = {
			isa = XCBuildConfiguration;
			buildSettings = {
				CODE_SIGN_STYLE = Automatic;
					CURRENT_PROJECT_VERSION = 13;
				DEAD_CODE_STRIPPING = YES;
				GENERATE_INFOPLIST_FILE = YES;
					MARKETING_VERSION = 1.2.0;
				PRODUCT_BUNDLE_IDENTIFIER = com.evanadami7.ArchiveMacTests;
				PRODUCT_NAME = "$(TARGET_NAME)";
				SWIFT_EMIT_LOC_STRINGS = NO;
				SWIFT_VERSION = 5.0;
				TEST_TARGET_NAME = "llama-stack";
			};
			name = Debug;
		};
		4EDCFB4B2DAB0B7900C80031 /* Release */ = {
			isa = XCBuildConfiguration;
			buildSettings = {
				CODE_SIGN_STYLE = Automatic;
					CURRENT_PROJECT_VERSION = 13;
				DEAD_CODE_STRIPPING = YES;
				GENERATE_INFOPLIST_FILE = YES;
					MARKETING_VERSION = 1.2.0;
				PRODUCT_BUNDLE_IDENTIFIER = com.evanadami7.ArchiveMacTests;
				PRODUCT_NAME = "$(TARGET_NAME)";
				SWIFT_EMIT_LOC_STRINGS = NO;
				SWIFT_VERSION = 5.0;
				TEST_TARGET_NAME = "llama-stack";
			};
			name = Release;
		};
/* End XCBuildConfiguration section */

/* Begin XCConfigurationList section */
		4EDCFB1C2DAB0B7800C80031 /* Build configuration list for PBXProject "ArchiveMac" */ = {
			isa = XCConfigurationList;
			buildConfigurations = (
				4EDCFB412DAB0B7900C80031 /* Debug */,
				4EDCFB422DAB0B7900C80031 /* Release */,
			);
			defaultConfigurationIsVisible = 0;
			defaultConfigurationName = Release;
		};
		4EDCFB432DAB0B7900C80031 /* Build configuration list for PBXNativeTarget "ArchiveMac" */ = {
			isa = XCConfigurationList;
			buildConfigurations = (
				4EDCFB442DAB0B7900C80031 /* Debug */,
				4EDCFB452DAB0B7900C80031 /* Release */,
			);
			defaultConfigurationIsVisible = 0;
			defaultConfigurationName = Release;
		};
		4EDCFB462DAB0B7900C80031 /* Build configuration list for PBXNativeTarget "ArchiveMacTests" */ = {
			isa = XCConfigurationList;
			buildConfigurations = (
				4EDCFB472DAB0B7900C80031 /* Debug */,
				4EDCFB482DAB0B7900C80031 /* Release */,
			);
			defaultConfigurationIsVisible = 0;
			defaultConfigurationName = Release;
		};
		4EDCFB492DAB0B7900C80031 /* Build configuration list for PBXNativeTarget "ArchiveMacUITests" */ = {
			isa = XCConfigurationList;
			buildConfigurations = (
				4EDCFB4A2DAB0B7900C80031 /* Debug */,
				4EDCFB4B2DAB0B7900C80031 /* Release */,
			);
			defaultConfigurationIsVisible = 0;
			defaultConfigurationName = Release;
		};
/* End XCConfigurationList section */

/* Begin XCRemoteSwiftPackageReference section */
		A1A1A1A22E6B000100C0D001 /* XCRemoteSwiftPackageReference "Sparkle" */ = {
			isa = XCRemoteSwiftPackageReference;
			repositoryURL = "https://github.com/sparkle-project/Sparkle";
			requirement = {
				kind = upToNextMajorVersion;
				minimumVersion = 2.9.0;
			};
		};
		4EDCFC082DAC617300C80031 /* XCRemoteSwiftPackageReference "HotKey" */ = {
			isa = XCRemoteSwiftPackageReference;
			repositoryURL = "https://github.com/soffes/HotKey";
			requirement = {
				branch = main;
				kind = branch;
			};
		};
/* End XCRemoteSwiftPackageReference section */

/* Begin XCSwiftPackageProductDependency section */
		A1A1A1A32E6B000100C0D001 /* Sparkle */ = {
			isa = XCSwiftPackageProductDependency;
			package = A1A1A1A22E6B000100C0D001 /* XCRemoteSwiftPackageReference "Sparkle" */;
			productName = Sparkle;
		};
		4EDCFC092DAC617300C80031 /* HotKey */ = {
			isa = XCSwiftPackageProductDependency;
			package = 4EDCFC082DAC617300C80031 /* XCRemoteSwiftPackageReference "HotKey" */;
			productName = HotKey;
		};
/* End XCSwiftPackageProductDependency section */
	};
	rootObject = 4EDCFB192DAB0B7800C80031 /* Project object */;
}
